schema: '2.0'
stages:
  load_data:
    cmd: python src/load_data.py --config_path=params.yaml
    deps:
    - path: data_given/winequality.csv
      md5: ccc8d3507eb151f53f760d36abdef888
      size: 91998
    - path: src/get_data.py
      md5: cff9165563b38fa1993c6bad56cc6528
      size: 240
    - path: src/load_data.py
      md5: f50083bc9af25756df40bb43599d5ba1
      size: 596
    outs:
    - path: data/raw/winequality.csv
      md5: dcb9f7736a81b73cf4cf803b5ef3f07e
      size: 100950
  split_data:
    cmd: python src/split_data.py --config_path=params.yaml
    deps:
    - path: data/raw/winequality.csv
      md5: dcb9f7736a81b73cf4cf803b5ef3f07e
      size: 100950
    - path: src/split_data.py
      md5: 8464735bee1ca7ddb62e089c3b591056
      size: 910
    outs:
    - path: data/processed/test_winequality.csv
      md5: 5787b15b8bb42aa53b817010d433f041
      size: 19101
    - path: data/processed/train_winequality.csv
      md5: e320178d92172ce1a1cbcbe92e6bdfa1
      size: 76065
  train_and_evaluate:
    cmd: python src/train_and_evaluate.py --config_path=params.yaml
    deps:
    - path: data/processed/test_winequality.csv
      md5: 5787b15b8bb42aa53b817010d433f041
      size: 19101
    - path: data/processed/train_winequality.csv
      md5: e320178d92172ce1a1cbcbe92e6bdfa1
      size: 76065
    - path: src/train_and_evaluate.py
      md5: e226ccb9e07a553bab7c69fe14b2ce49
      size: 3488
    params:
      params.yaml:
        estimators.ElasticNet.params.alpha: 0.7
        estimators.ElasticNet.params.l1_ratio: 0.78
  log_production_model:
    cmd: python src/log_production_model.py --config_path=params.yaml
    deps:
    - path: src/log_production_model.py
      md5: 4c3c899343400a4783501e7dee063a15
      size: 1884
